
Microsoft Visual Studio Solution File, Format Version 12.00
# Visual Studio Version 17
VisualStudioVersion = 17.13.35919.96 d17.13
MinimumVisualStudioVersion = 10.0.40219.1
Project("{FAE04EC0-301F-11D3-BF4B-00C04F79EFBC}") = "TextRpg", "TextRpg\TextRpg.csproj", "{4DD8BC2A-D206-48E9-AFCC-4B8808644715}"
EndProject
Global
	GlobalSection(SolutionConfigurationPlatforms) = preSolution
		Debug|Any CPU = Debug|Any CPU
		Release|Any CPU = Release|Any CPU
	EndGlobalSection
	GlobalSection(ProjectConfigurationPlatforms) = postSolution
		{4DD8BC2A-D206-48E9-AFCC-4B8808644715}.Debug|Any CPU.ActiveCfg = Debug|Any CPU
		{4DD8BC2A-D206-48E9-AFCC-4B8808644715}.Debug|Any CPU.Build.0 = Debug|Any CPU
		{4DD8BC2A-D206-48E9-AFCC-4B8808644715}.Release|Any CPU.ActiveCfg = Release|Any CPU
		{4DD8BC2A-D206-48E9-AFCC-4B8808644715}.Release|Any CPU.Build.0 = Release|Any CPU
	EndGlobalSection
	GlobalSection(SolutionProperties) = preSolution
		HideSolutionNode = FALSE
	EndGlobalSection
	GlobalSection(ExtensibilityGlobals) = postSolution
		SolutionGuid = {2FC4B821-3A9D-49E0-99E6-49FC0245AD39}
	EndGlobalSection
EndGlobal
